
Microsoft Visual Studio Solution File, Format Version 12.00
# Visual Studio Version 17
VisualStudioVersion = 17.7.33927.210
MinimumVisualStudioVersion = 10.0.40219.1
Project("{9A19103F-16F7-4668-BE54-9A1E7A4F7556}") = "ScheduleGeneratorPractice", "ScheduleGeneratorPractice.csproj", "{25F087C7-ADA4-400E-8B96-56F0D0BC34F9}"
EndProject
Project("{9A19103F-16F7-4668-BE54-9A1E7A4F7556}") = "ScheduleGeneratorPractice.Specs", "ScheduleGeneratorPractice.Specs\ScheduleGeneratorPractice.Specs.csproj", "{288501E2-88BB-4B44-B5B9-414F9C122077}"
EndProject
Global
	GlobalSection(SolutionConfigurationPlatforms) = preSolution
		Debug|Any CPU = Debug|Any CPU
		Release|Any CPU = Release|Any CPU
	EndGlobalSection
	GlobalSection(ProjectConfigurationPlatforms) = postSolution
		{25F087C7-ADA4-400E-8B96-56F0D0BC34F9}.Debug|Any CPU.ActiveCfg = Debug|Any CPU
		{25F087C7-ADA4-400E-8B96-56F0D0BC34F9}.Debug|Any CPU.Build.0 = Debug|Any CPU
		{25F087C7-ADA4-400E-8B96-56F0D0BC34F9}.Release|Any CPU.ActiveCfg = Release|Any CPU
		{25F087C7-ADA4-400E-8B96-56F0D0BC34F9}.Release|Any CPU.Build.0 = Release|Any CPU
		{288501E2-88BB-4B44-B5B9-414F9C122077}.Debug|Any CPU.ActiveCfg = Debug|Any CPU
		{288501E2-88BB-4B44-B5B9-414F9C122077}.Debug|Any CPU.Build.0 = Debug|Any CPU
		{288501E2-88BB-4B44-B5B9-414F9C122077}.Release|Any CPU.ActiveCfg = Release|Any CPU
		{288501E2-88BB-4B44-B5B9-414F9C122077}.Release|Any CPU.Build.0 = Release|Any CPU
	EndGlobalSection
	GlobalSection(SolutionProperties) = preSolution
		HideSolutionNode = FALSE
	EndGlobalSection
	GlobalSection(ExtensibilityGlobals) = postSolution
		SolutionGuid = {F1B5F395-FF30-418B-B46A-0F5FE8F339F5}
	EndGlobalSection
EndGlobal
